
Microsoft Visual Studio Solution File, Format Version 12.00
# Visual Studio Version 16
VisualStudioVersion = 16.0.30011.22
MinimumVisualStudioVersion = 10.0.40219.1
Project("{FAE04EC0-301F-11D3-BF4B-00C04F79EFBC}") = "Books", "Books.csproj", "{F4E70385-D1A7-4ED3-B8ED-012357177FB5}"
EndProject
Global
	GlobalSection(SolutionConfigurationPlatforms) = preSolution
		Debug|Any CPU = Debug|Any CPU
		Release|Any CPU = Release|Any CPU
	EndGlobalSection
	GlobalSection(ProjectConfigurationPlatforms) = postSolution
		{F4E70385-D1A7-4ED3-B8ED-012357177FB5}.Debug|Any CPU.ActiveCfg = Debug|Any CPU
		{F4E70385-D1A7-4ED3-B8ED-012357177FB5}.Debug|Any CPU.Build.0 = Debug|Any CPU
		{F4E70385-D1A7-4ED3-B8ED-012357177FB5}.Release|Any CPU.ActiveCfg = Release|Any CPU
		{F4E70385-D1A7-4ED3-B8ED-012357177FB5}.Release|Any CPU.Build.0 = Release|Any CPU
	EndGlobalSection
	GlobalSection(SolutionProperties) = preSolution
		HideSolutionNode = FALSE
	EndGlobalSection
	GlobalSection(ExtensibilityGlobals) = postSolution
		SolutionGuid = {3A4E5DA5-0790-487F-AC71-368A42AB8819}
	EndGlobalSection
EndGlobal
